
Microsoft Visual Studio Solution File, Format Version 12.00
# Visual Studio Version 16
VisualStudioVersion = 16.0.32106.194
MinimumVisualStudioVersion = 10.0.40219.1
Project("{FAE04EC0-301F-11D3-BF4B-00C04F79EFBC}") = "Homework_Bank_delegat_type", "Homework_Bank_delegat_type\Homework_Bank_delegat_type.csproj", "{4119EB47-EF7A-45EF-BEF7-47B4DF6FC78B}"
EndProject
Global
	GlobalSection(SolutionConfigurationPlatforms) = preSolution
		Debug|Any CPU = Debug|Any CPU
		Release|Any CPU = Release|Any CPU
	EndGlobalSection
	GlobalSection(ProjectConfigurationPlatforms) = postSolution
		{4119EB47-EF7A-45EF-BEF7-47B4DF6FC78B}.Debug|Any CPU.ActiveCfg = Debug|Any CPU
		{4119EB47-EF7A-45EF-BEF7-47B4DF6FC78B}.Debug|Any CPU.Build.0 = Debug|Any CPU
		{4119EB47-EF7A-45EF-BEF7-47B4DF6FC78B}.Release|Any CPU.ActiveCfg = Release|Any CPU
		{4119EB47-EF7A-45EF-BEF7-47B4DF6FC78B}.Release|Any CPU.Build.0 = Release|Any CPU
	EndGlobalSection
	GlobalSection(SolutionProperties) = preSolution
		HideSolutionNode = FALSE
	EndGlobalSection
	GlobalSection(ExtensibilityGlobals) = postSolution
		SolutionGuid = {F2E537A5-8262-4E4C-B530-DDC42F056FF9}
	EndGlobalSection
EndGlobal
